
Microsoft Visual Studio Solution File, Format Version 12.00
# Visual Studio Version 16
VisualStudioVersion = 16.0.31005.135
MinimumVisualStudioVersion = 10.0.40219.1
Project("{9A19103F-16F7-4668-BE54-9A1E7A4F7556}") = "VUTProjectApp", "VUTProjectApp.csproj", "{019876FC-A1AD-4C64-9836-7C3243A02AD9}"
EndProject
Project("{FAE04EC0-301F-11D3-BF4B-00C04F79EFBC}") = "VUTAppProjectTests", "..\VUTAppProjectTests\VUTAppProjectTests.csproj", "{5B16BB86-7BFF-4012-B643-2CD0C3F69364}"
EndProject
Global
	GlobalSection(SolutionConfigurationPlatforms) = preSolution
		Debug|Any CPU = Debug|Any CPU
		Release|Any CPU = Release|Any CPU
	EndGlobalSection
	GlobalSection(ProjectConfigurationPlatforms) = postSolution
		{019876FC-A1AD-4C64-9836-7C3243A02AD9}.Debug|Any CPU.ActiveCfg = Debug|Any CPU
		{019876FC-A1AD-4C64-9836-7C3243A02AD9}.Debug|Any CPU.Build.0 = Debug|Any CPU
		{019876FC-A1AD-4C64-9836-7C3243A02AD9}.Release|Any CPU.ActiveCfg = Release|Any CPU
		{019876FC-A1AD-4C64-9836-7C3243A02AD9}.Release|Any CPU.Build.0 = Release|Any CPU
		{5B16BB86-7BFF-4012-B643-2CD0C3F69364}.Debug|Any CPU.ActiveCfg = Debug|Any CPU
		{5B16BB86-7BFF-4012-B643-2CD0C3F69364}.Debug|Any CPU.Build.0 = Debug|Any CPU
		{5B16BB86-7BFF-4012-B643-2CD0C3F69364}.Release|Any CPU.ActiveCfg = Release|Any CPU
		{5B16BB86-7BFF-4012-B643-2CD0C3F69364}.Release|Any CPU.Build.0 = Release|Any CPU
	EndGlobalSection
	GlobalSection(SolutionProperties) = preSolution
		HideSolutionNode = FALSE
	EndGlobalSection
	GlobalSection(ExtensibilityGlobals) = postSolution
		SolutionGuid = {3CA6E623-A466-4D0C-BBDC-941A48DEFBAE}
	EndGlobalSection
EndGlobal
